// !$*UTF8*$!
{
	archiveVersion = 1;
	classes = {
	};
	objectVersion = 55;
	objects = {

/* Begin PBXBuildFile section */
		015AE43C271721E300DDBEF3 /* landmarkData.json in Resources */ = {isa = PBXBuildFile; fileRef = 015AE43B271721E300DDBEF3 /* landmarkData.json */; };
		015AE43D271721E300DDBEF3 /* landmarkData.json in Resources */ = {isa = PBXBuildFile; fileRef = 015AE43B271721E300DDBEF3 /* landmarkData.json */; };
		015AE43F2717225E00DDBEF3 /* Landmark.swift in Sources */ = {isa = PBXBuildFile; fileRef = 015AE43E2717225E00DDBEF3 /* Landmark.swift */; };
		015AE4402717225E00DDBEF3 /* Landmark.swift in Sources */ = {isa = PBXBuildFile; fileRef = 015AE43E2717225E00DDBEF3 /* Landmark.swift */; };
		015AE4422717281D00DDBEF3 /* ModelData.swift in Sources */ = {isa = PBXBuildFile; fileRef = 015AE4412717281D00DDBEF3 /* ModelData.swift */; };
		015AE4432717281D00DDBEF3 /* ModelData.swift in Sources */ = {isa = PBXBuildFile; fileRef = 015AE4412717281D00DDBEF3 /* ModelData.swift */; };
		015AE44B27172D4F00DDBEF3 /* LandMarkRow.swift in Sources */ = {isa = PBXBuildFile; fileRef = 015AE44A27172D4F00DDBEF3 /* LandMarkRow.swift */; };
		015AE44C27172D4F00DDBEF3 /* LandMarkRow.swift in Sources */ = {isa = PBXBuildFile; fileRef = 015AE44A27172D4F00DDBEF3 /* LandMarkRow.swift */; };
		01880EBE270AC5C0000BB583 /* Tests_iOS.swift in Sources */ = {isa = PBXBuildFile; fileRef = 01880EBD270AC5C0000BB583 /* Tests_iOS.swift */; };
		01880EC0270AC5C0000BB583 /* Tests_iOSLaunchTests.swift in Sources */ = {isa = PBXBuildFile; fileRef = 01880EBF270AC5C0000BB583 /* Tests_iOSLaunchTests.swift */; };
		01880ECA270AC5C0000BB583 /* Tests_macOS.swift in Sources */ = {isa = PBXBuildFile; fileRef = 01880EC9270AC5C0000BB583 /* Tests_macOS.swift */; };
		01880ECC270AC5C0000BB583 /* Tests_macOSLaunchTests.swift in Sources */ = {isa = PBXBuildFile; fileRef = 01880ECB270AC5C0000BB583 /* Tests_macOSLaunchTests.swift */; };
		01880ECD270AC5C0000BB583 /* LearnSwiftUIApp.swift in Sources */ = {isa = PBXBuildFile; fileRef = 01880EA5270AC5BE000BB583 /* LearnSwiftUIApp.swift */; };
		01880ECE270AC5C0000BB583 /* LearnSwiftUIApp.swift in Sources */ = {isa = PBXBuildFile; fileRef = 01880EA5270AC5BE000BB583 /* LearnSwiftUIApp.swift */; };
		01880ECF270AC5C0000BB583 /* ContentView.swift in Sources */ = {isa = PBXBuildFile; fileRef = 01880EA6270AC5BE000BB583 /* ContentView.swift */; };
		01880ED0270AC5C0000BB583 /* ContentView.swift in Sources */ = {isa = PBXBuildFile; fileRef = 01880EA6270AC5BE000BB583 /* ContentView.swift */; };
		01880ED1270AC5C0000BB583 /* Assets.xcassets in Resources */ = {isa = PBXBuildFile; fileRef = 01880EA7270AC5C0000BB583 /* Assets.xcassets */; };
		01880ED2270AC5C0000BB583 /* Assets.xcassets in Resources */ = {isa = PBXBuildFile; fileRef = 01880EA7270AC5C0000BB583 /* Assets.xcassets */; };
		01880EE2270B53B5000BB583 /* CircleImage.swift in Sources */ = {isa = PBXBuildFile; fileRef = 01880EE1270B53B5000BB583 /* CircleImage.swift */; };
		01880EE3270B53B5000BB583 /* CircleImage.swift in Sources */ = {isa = PBXBuildFile; fileRef = 01880EE1270B53B5000BB583 /* CircleImage.swift */; };
		01880EE5270C17E6000BB583 /* MapView.swift in Sources */ = {isa = PBXBuildFile; fileRef = 01880EE4270C17E6000BB583 /* MapView.swift */; };
		01880EE6270C17E6000BB583 /* MapView.swift in Sources */ = {isa = PBXBuildFile; fileRef = 01880EE4270C17E6000BB583 /* MapView.swift */; };
		0197A3F4271C864B0068ACC1 /* FavoriteButton.swift in Sources */ = {isa = PBXBuildFile; fileRef = 0197A3F3271C864B0068ACC1 /* FavoriteButton.swift */; };
		0197A3F5271C864B0068ACC1 /* FavoriteButton.swift in Sources */ = {isa = PBXBuildFile; fileRef = 0197A3F3271C864B0068ACC1 /* FavoriteButton.swift */; };
		01DC7D4E27173193003265D1 /* LandmarkList.swift in Sources */ = {isa = PBXBuildFile; fileRef = 01DC7D4D27173193003265D1 /* LandmarkList.swift */; };
		01DC7D4F27173193003265D1 /* LandmarkList.swift in Sources */ = {isa = PBXBuildFile; fileRef = 01DC7D4D27173193003265D1 /* LandmarkList.swift */; };
		01DC7D5127173E75003265D1 /* LandmarkDetail.swift in Sources */ = {isa = PBXBuildFile; fileRef = 01DC7D5027173E75003265D1 /* LandmarkDetail.swift */; };
		01DC7D5227173E75003265D1 /* LandmarkDetail.swift in Sources */ = {isa = PBXBuildFile; fileRef = 01DC7D5027173E75003265D1 /* LandmarkDetail.swift */; };
/* End PBXBuildFile section */

/* Begin PBXContainerItemProxy section */
		01880EBA270AC5C0000BB583 /* PBXContainerItemProxy */ = {
			isa = PBXContainerItemProxy;
			containerPortal = 01880EA0270AC5BE000BB583 /* Project object */;
			proxyType = 1;
			remoteGlobalIDString = 01880EAB270AC5C0000BB583;
			remoteInfo = "LearnSwiftUI (iOS)";
		};
		01880EC6270AC5C0000BB583 /* PBXContainerItemProxy */ = {
			isa = PBXContainerItemProxy;
			containerPortal = 01880EA0270AC5BE000BB583 /* Project object */;
			proxyType = 1;
			remoteGlobalIDString = 01880EB1270AC5C0000BB583;
			remoteInfo = "LearnSwiftUI (macOS)";
		};
/* End PBXContainerItemProxy section */

/* Begin PBXFileReference section */
		015AE43B271721E300DDBEF3 /* landmarkData.json */ = {isa = PBXFileReference; fileEncoding = 4; lastKnownFileType = text.json; path = landmarkData.json; sourceTree = "<group>"; };
		015AE43E2717225E00DDBEF3 /* Landmark.swift */ = {isa = PBXFileReference; lastKnownFileType = sourcecode.swift; path = Landmark.swift; sourceTree = "<group>"; };
		015AE4412717281D00DDBEF3 /* ModelData.swift */ = {isa = PBXFileReference; lastKnownFileType = sourcecode.swift; path = ModelData.swift; sourceTree = "<group>"; };
		015AE44A27172D4F00DDBEF3 /* LandMarkRow.swift */ = {isa = PBXFileReference; lastKnownFileType = sourcecode.swift; path = LandMarkRow.swift; sourceTree = "<group>"; };
		01880EA5270AC5BE000BB583 /* LearnSwiftUIApp.swift */ = {isa = PBXFileReference; lastKnownFileType = sourcecode.swift; path = LearnSwiftUIApp.swift; sourceTree = "<group>"; };
		01880EA6270AC5BE000BB583 /* ContentView.swift */ = {isa = PBXFileReference; lastKnownFileType = sourcecode.swift; path = ContentView.swift; sourceTree = "<group>"; };
		01880EA7270AC5C0000BB583 /* Assets.xcassets */ = {isa = PBXFileReference; lastKnownFileType = folder.assetcatalog; path = Assets.xcassets; sourceTree = "<group>"; };
		01880EAC270AC5C0000BB583 /* LearnSwiftUI.app */ = {isa = PBXFileReference; explicitFileType = wrapper.application; includeInIndex = 0; path = LearnSwiftUI.app; sourceTree = BUILT_PRODUCTS_DIR; };
		01880EB2270AC5C0000BB583 /* LearnSwiftUI.app */ = {isa = PBXFileReference; explicitFileType = wrapper.application; includeInIndex = 0; path = LearnSwiftUI.app; sourceTree = BUILT_PRODUCTS_DIR; };
		01880EB4270AC5C0000BB583 /* macOS.entitlements */ = {isa = PBXFileReference; lastKnownFileType = text.plist.entitlements; path = macOS.entitlements; sourceTree = "<group>"; };
		01880EB9270AC5C0000BB583 /* Tests iOS.xctest */ = {isa = PBXFileReference; explicitFileType = wrapper.cfbundle; includeInIndex = 0; path = "Tests iOS.xctest"; sourceTree = BUILT_PRODUCTS_DIR; };
		01880EBD270AC5C0000BB583 /* Tests_iOS.swift */ = {isa = PBXFileReference; lastKnownFileType = sourcecode.swift; path = Tests_iOS.swift; sourceTree = "<group>"; };
		01880EBF270AC5C0000BB583 /* Tests_iOSLaunchTests.swift */ = {isa = PBXFileReference; lastKnownFileType = sourcecode.swift; path = Tests_iOSLaunchTests.swift; sourceTree = "<group>"; };
		01880EC5270AC5C0000BB583 /* Tests macOS.xctest */ = {isa = PBXFileReference; explicitFileType = wrapper.cfbundle; includeInIndex = 0; path = "Tests macOS.xctest"; sourceTree = BUILT_PRODUCTS_DIR; };
		01880EC9270AC5C0000BB583 /* Tests_macOS.swift */ = {isa = PBXFileReference; lastKnownFileType = sourcecode.swift; path = Tests_macOS.swift; sourceTree = "<group>"; };
		01880ECB270AC5C0000BB583 /* Tests_macOSLaunchTests.swift */ = {isa = PBXFileReference; lastKnownFileType = sourcecode.swift; path = Tests_macOSLaunchTests.swift; sourceTree = "<group>"; };
		01880EE1270B53B5000BB583 /* CircleImage.swift */ = {isa = PBXFileReference; lastKnownFileType = sourcecode.swift; path = CircleImage.swift; sourceTree = "<group>"; };
		01880EE4270C17E6000BB583 /* MapView.swift */ = {isa = PBXFileReference; lastKnownFileType = sourcecode.swift; path = MapView.swift; sourceTree = "<group>"; };
		0197A3F3271C864B0068ACC1 /* FavoriteButton.swift */ = {isa = PBXFileReference; lastKnownFileType = sourcecode.swift; path = FavoriteButton.swift; sourceTree = "<group>"; };
		01DC7D4D27173193003265D1 /* LandmarkList.swift */ = {isa = PBXFileReference; lastKnownFileType = sourcecode.swift; path = LandmarkList.swift; sourceTree = "<group>"; };
		01DC7D5027173E75003265D1 /* LandmarkDetail.swift */ = {isa = PBXFileReference; lastKnownFileType = sourcecode.swift; path = LandmarkDetail.swift; sourceTree = "<group>"; };
/* End PBXFileReference section */

/* Begin PBXFrameworksBuildPhase section */
		01880EA9270AC5C0000BB583 /* Frameworks */ = {
			isa = PBXFrameworksBuildPhase;
			buildActionMask = 2147483647;
			files = (
			);
			runOnlyForDeploymentPostprocessing = 0;
		};
		01880EAF270AC5C0000BB583 /* Frameworks */ = {
			isa = PBXFrameworksBuildPhase;
			buildActionMask = 2147483647;
			files = (
			);
			runOnlyForDeploymentPostprocessing = 0;
		};
		01880EB6270AC5C0000BB583 /* Frameworks */ = {
			isa = PBXFrameworksBuildPhase;
			buildActionMask = 2147483647;
			files = (
			);
			runOnlyForDeploymentPostprocessing = 0;
		};
		01880EC2270AC5C0000BB583 /* Frameworks */ = {
			isa = PBXFrameworksBuildPhase;
			buildActionMask = 2147483647;
			files = (
			);
			runOnlyForDeploymentPostprocessing = 0;
		};
/* End PBXFrameworksBuildPhase section */

/* Begin PBXGroup section */
		015AE44427172A5200DDBEF3 /* Views */ = {
			isa = PBXGroup;
			children = (
				01880EA6270AC5BE000BB583 /* ContentView.swift */,
				0197A3F7271C88DB0068ACC1 /* Helpers */,
				0197A3F6271C88C20068ACC1 /* Landmarks */,
			);
			path = Views;
			sourceTree = "<group>";
		};
		015AE44527172A6600DDBEF3 /* Model */ = {
			isa = PBXGroup;
			children = (
				015AE43E2717225E00DDBEF3 /* Landmark.swift */,
				015AE4412717281D00DDBEF3 /* ModelData.swift */,
			);
			path = Model;
			sourceTree = "<group>";
		};
		015AE44627172A6F00DDBEF3 /* Resources */ = {
			isa = PBXGroup;
			children = (
				015AE43B271721E300DDBEF3 /* landmarkData.json */,
			);
			path = Resources;
			sourceTree = "<group>";
		};
		01880E9F270AC5BE000BB583 = {
			isa = PBXGroup;
			children = (
				01880EA4270AC5BE000BB583 /* Shared */,
				01880EB3270AC5C0000BB583 /* macOS */,
				01880EBC270AC5C0000BB583 /* Tests iOS */,
				01880EC8270AC5C0000BB583 /* Tests macOS */,
				01880EAD270AC5C0000BB583 /* Products */,
			);
			sourceTree = "<group>";
		};
		01880EA4270AC5BE000BB583 /* Shared */ = {
			isa = PBXGroup;
			children = (
				015AE44627172A6F00DDBEF3 /* Resources */,
				015AE44527172A6600DDBEF3 /* Model */,
				015AE44427172A5200DDBEF3 /* Views */,
				01880EA5270AC5BE000BB583 /* LearnSwiftUIApp.swift */,
				01880EA7270AC5C0000BB583 /* Assets.xcassets */,
			);
			path = Shared;
			sourceTree = "<group>";
		};
		01880EAD270AC5C0000BB583 /* Products */ = {
			isa = PBXGroup;
			children = (
				01880EAC270AC5C0000BB583 /* LearnSwiftUI.app */,
				01880EB2270AC5C0000BB583 /* LearnSwiftUI.app */,
				01880EB9270AC5C0000BB583 /* Tests iOS.xctest */,
				01880EC5270AC5C0000BB583 /* Tests macOS.xctest */,
			);
			name = Products;
			sourceTree = "<group>";
		};
		01880EB3270AC5C0000BB583 /* macOS */ = {
			isa = PBXGroup;
			children = (
				01880EB4270AC5C0000BB583 /* macOS.entitlements */,
			);
			path = macOS;
			sourceTree = "<group>";
		};
		01880EBC270AC5C0000BB583 /* Tests iOS */ = {
			isa = PBXGroup;
			children = (
				01880EBD270AC5C0000BB583 /* Tests_iOS.swift */,
				01880EBF270AC5C0000BB583 /* Tests_iOSLaunchTests.swift */,
			);
			path = "Tests iOS";
			sourceTree = "<group>";
		};
		01880EC8270AC5C0000BB583 /* Tests macOS */ = {
			isa = PBXGroup;
			children = (
				01880EC9270AC5C0000BB583 /* Tests_macOS.swift */,
				01880ECB270AC5C0000BB583 /* Tests_macOSLaunchTests.swift */,
			);
			path = "Tests macOS";
			sourceTree = "<group>";
		};
		0197A3F6271C88C20068ACC1 /* Landmarks */ = {
			isa = PBXGroup;
			children = (
				015AE44A27172D4F00DDBEF3 /* LandMarkRow.swift */,
				01DC7D4D27173193003265D1 /* LandmarkList.swift */,
				01DC7D5027173E75003265D1 /* LandmarkDetail.swift */,
			);
			path = Landmarks;
			sourceTree = "<group>";
		};
		0197A3F7271C88DB0068ACC1 /* Helpers */ = {
			isa = PBXGroup;
			children = (
				01880EE1270B53B5000BB583 /* CircleImage.swift */,
				01880EE4270C17E6000BB583 /* MapView.swift */,
				0197A3F3271C864B0068ACC1 /* FavoriteButton.swift */,
			);
			path = Helpers;
			sourceTree = "<group>";
		};
/* End PBXGroup section */

/* Begin PBXNativeTarget section */
		01880EAB270AC5C0000BB583 /* LearnSwiftUI (iOS) */ = {
			isa = PBXNativeTarget;
			buildConfigurationList = 01880ED5270AC5C0000BB583 /* Build configuration list for PBXNativeTarget "LearnSwiftUI (iOS)" */;
			buildPhases = (
				01880EA8270AC5C0000BB583 /* Sources */,
				01880EA9270AC5C0000BB583 /* Frameworks */,
				01880EAA270AC5C0000BB583 /* Resources */,
			);
			buildRules = (
			);
			dependencies = (
			);
			name = "LearnSwiftUI (iOS)";
			productName = "LearnSwiftUI (iOS)";
			productReference = 01880EAC270AC5C0000BB583 /* LearnSwiftUI.app */;
			productType = "com.apple.product-type.application";
		};
		01880EB1270AC5C0000BB583 /* LearnSwiftUI (macOS) */ = {
			isa = PBXNativeTarget;
			buildConfigurationList = 01880ED8270AC5C0000BB583 /* Build configuration list for PBXNativeTarget "LearnSwiftUI (macOS)" */;
			buildPhases = (
				01880EAE270AC5C0000BB583 /* Sources */,
				01880EAF270AC5C0000BB583 /* Frameworks */,
				01880EB0270AC5C0000BB583 /* Resources */,
			);
			buildRules = (
			);
			dependencies = (
			);
			name = "LearnSwiftUI (macOS)";
			productName = "LearnSwiftUI (macOS)";
			productReference = 01880EB2270AC5C0000BB583 /* LearnSwiftUI.app */;
			productType = "com.apple.product-type.application";
		};
		01880EB8270AC5C0000BB583 /* Tests iOS */ = {
			isa = PBXNativeTarget;
			buildConfigurationList = 01880EDB270AC5C0000BB583 /* Build configuration list for PBXNativeTarget "Tests iOS" */;
			buildPhases = (
				01880EB5270AC5C0000BB583 /* Sources */,
				01880EB6270AC5C0000BB583 /* Frameworks */,
				01880EB7270AC5C0000BB583 /* Resources */,
			);
			buildRules = (
			);
			dependencies = (
				01880EBB270AC5C0000BB583 /* PBXTargetDependency */,
			);
			name = "Tests iOS";
			productName = "Tests iOS";
			productReference = 01880EB9270AC5C0000BB583 /* Tests iOS.xctest */;
			productType = "com.apple.product-type.bundle.ui-testing";
		};
		01880EC4270AC5C0000BB583 /* Tests macOS */ = {
			isa = PBXNativeTarget;
			buildConfigurationList = 01880EDE270AC5C0000BB583 /* Build configuration list for PBXNativeTarget "Tests macOS" */;
			buildPhases = (
				01880EC1270AC5C0000BB583 /* Sources */,
				01880EC2270AC5C0000BB583 /* Frameworks */,
				01880EC3270AC5C0000BB583 /* Resources */,
			);
			buildRules = (
			);
			dependencies = (
				01880EC7270AC5C0000BB583 /* PBXTargetDependency */,
			);
			name = "Tests macOS";
			productName = "Tests macOS";
			productReference = 01880EC5270AC5C0000BB583 /* Tests macOS.xctest */;
			productType = "com.apple.product-type.bundle.ui-testing";
		};
/* End PBXNativeTarget section */

/* Begin PBXProject section */
		01880EA0270AC5BE000BB583 /* Project object */ = {
			isa = PBXProject;
			attributes = {
				BuildIndependentTargetsInParallel = 1;
				LastSwiftUpdateCheck = 1300;
				LastUpgradeCheck = 1300;
				TargetAttributes = {
					01880EAB270AC5C0000BB583 = {
						CreatedOnToolsVersion = 13.0;
					};
					01880EB1270AC5C0000BB583 = {
						CreatedOnToolsVersion = 13.0;
					};
					01880EB8270AC5C0000BB583 = {
						CreatedOnToolsVersion = 13.0;
						TestTargetID = 01880EAB270AC5C0000BB583;
					};
					01880EC4270AC5C0000BB583 = {
						CreatedOnToolsVersion = 13.0;
						TestTargetID = 01880EB1270AC5C0000BB583;
					};
				};
			};
			buildConfigurationList = 01880EA3270AC5BE000BB583 /* Build configuration list for PBXProject "LearnSwiftUI" */;
			compatibilityVersion = "Xcode 13.0";
			developmentRegion = en;
			hasScannedForEncodings = 0;
			knownRegions = (
				en,
				Base,
			);
			mainGroup = 01880E9F270AC5BE000BB583;
			productRefGroup = 01880EAD270AC5C0000BB583 /* Products */;
			projectDirPath = "";
			projectRoot = "";
			targets = (
				01880EAB270AC5C0000BB583 /* LearnSwiftUI (iOS) */,
				01880EB1270AC5C0000BB583 /* LearnSwiftUI (macOS) */,
				01880EB8270AC5C0000BB583 /* Tests iOS */,
				01880EC4270AC5C0000BB583 /* Tests macOS */,
			);
		};
/* End PBXProject section */

/* Begin PBXResourcesBuildPhase section */
		01880EAA270AC5C0000BB583 /* Resources */ = {
			isa = PBXResourcesBuildPhase;
			buildActionMask = 2147483647;
			files = (
				01880ED1270AC5C0000BB583 /* Assets.xcassets in Resources */,
				015AE43C271721E300DDBEF3 /* landmarkData.json in Resources */,
			);
			runOnlyForDeploymentPostprocessing = 0;
		};
		01880EB0270AC5C0000BB583 /* Resources */ = {
			isa = PBXResourcesBuildPhase;
			buildActionMask = 2147483647;
			files = (
				01880ED2270AC5C0000BB583 /* Assets.xcassets in Resources */,
				015AE43D271721E300DDBEF3 /* landmarkData.json in Resources */,
			);
			runOnlyForDeploymentPostprocessing = 0;
		};
		01880EB7270AC5C0000BB583 /* Resources */ = {
			isa = PBXResourcesBuildPhase;
			buildActionMask = 2147483647;
			files = (
			);
			runOnlyForDeploymentPostprocessing = 0;
		};
		01880EC3270AC5C0000BB583 /* Resources */ = {
			isa = PBXResourcesBuildPhase;
			buildActionMask = 2147483647;
			files = (
			);
			runOnlyForDeploymentPostprocessing = 0;
		};
/* End PBXResourcesBuildPhase section */

/* Begin PBXSourcesBuildPhase section */
		01880EA8270AC5C0000BB583 /* Sources */ = {
			isa = PBXSourcesBuildPhase;
			buildActionMask = 2147483647;
			files = (
				01880ECF270AC5C0000BB583 /* ContentView.swift in Sources */,
				015AE44B27172D4F00DDBEF3 /* LandMarkRow.swift in Sources */,
				01880EE5270C17E6000BB583 /* MapView.swift in Sources */,
				0197A3F4271C864B0068ACC1 /* FavoriteButton.swift in Sources */,
				01DC7D4E27173193003265D1 /* LandmarkList.swift in Sources */,
				01DC7D5127173E75003265D1 /* LandmarkDetail.swift in Sources */,
				01880ECD270AC5C0000BB583 /* LearnSwiftUIApp.swift in Sources */,
				01880EE2270B53B5000BB583 /* CircleImage.swift in Sources */,
				015AE43F2717225E00DDBEF3 /* Landmark.swift in Sources */,
				015AE4422717281D00DDBEF3 /* ModelData.swift in Sources */,
			);
			runOnlyForDeploymentPostprocessing = 0;
		};
		01880EAE270AC5C0000BB583 /* Sources */ = {
			isa = PBXSourcesBuildPhase;
			buildActionMask = 2147483647;
			files = (
				01880ED0270AC5C0000BB583 /* ContentView.swift in Sources */,
				015AE44C27172D4F00DDBEF3 /* LandMarkRow.swift in Sources */,
				01880EE6270C17E6000BB583 /* MapView.swift in Sources */,
				0197A3F5271C864B0068ACC1 /* FavoriteButton.swift in Sources */,
				01DC7D4F27173193003265D1 /* LandmarkList.swift in Sources */,
				01DC7D5227173E75003265D1 /* LandmarkDetail.swift in Sources */,
				01880ECE270AC5C0000BB583 /* LearnSwiftUIApp.swift in Sources */,
				01880EE3270B53B5000BB583 /* CircleImage.swift in Sources */,
				015AE4402717225E00DDBEF3 /* Landmark.swift in Sources */,
				015AE4432717281D00DDBEF3 /* ModelData.swift in Sources */,
			);
			runOnlyForDeploymentPostprocessing = 0;
		};
		01880EB5270AC5C0000BB583 /* Sources */ = {
			isa = PBXSourcesBuildPhase;
			buildActionMask = 2147483647;
			files = (
				01880EC0270AC5C0000BB583 /* Tests_iOSLaunchTests.swift in Sources */,
				01880EBE270AC5C0000BB583 /* Tests_iOS.swift in Sources */,
			);
			runOnlyForDeploymentPostprocessing = 0;
		};
		01880EC1270AC5C0000BB583 /* Sources */ = {
			isa = PBXSourcesBuildPhase;
			buildActionMask = 2147483647;
			files = (
				01880ECC270AC5C0000BB583 /* Tests_macOSLaunchTests.swift in Sources */,
				01880ECA270AC5C0000BB583 /* Tests_macOS.swift in Sources */,
			);
			runOnlyForDeploymentPostprocessing = 0;
		};
/* End PBXSourcesBuildPhase section */

/* Begin PBXTargetDependency section */
		01880EBB270AC5C0000BB583 /* PBXTargetDependency */ = {
			isa = PBXTargetDependency;
			target = 01880EAB270AC5C0000BB583 /* LearnSwiftUI (iOS) */;
			targetProxy = 01880EBA270AC5C0000BB583 /* PBXContainerItemProxy */;
		};
		01880EC7270AC5C0000BB583 /* PBXTargetDependency */ = {
			isa = PBXTargetDependency;
			target = 01880EB1270AC5C0000BB583 /* LearnSwiftUI (macOS) */;
			targetProxy = 01880EC6270AC5C0000BB583 /* PBXContainerItemProxy */;
		};
/* End PBXTargetDependency section */

/* Begin XCBuildConfiguration section */
		01880ED3270AC5C0000BB583 /* Debug */ = {
			isa = XCBuildConfiguration;
			buildSettings = {
				ALWAYS_SEARCH_USER_PATHS = NO;
				CLANG_ANALYZER_NONNULL = YES;
				CLANG_ANALYZER_NUMBER_OBJECT_CONVERSION = YES_AGGRESSIVE;
				CLANG_CXX_LANGUAGE_STANDARD = "gnu++17";
				CLANG_CXX_LIBRARY = "libc++";
				CLANG_ENABLE_MODULES = YES;
				CLANG_ENABLE_OBJC_ARC = YES;
				CLANG_ENABLE_OBJC_WEAK = YES;
				CLANG_WARN_BLOCK_CAPTURE_AUTORELEASING = YES;
				CLANG_WARN_BOOL_CONVERSION = YES;
				CLANG_WARN_COMMA = YES;
				CLANG_WARN_CONSTANT_CONVERSION = YES;
				CLANG_WARN_DEPRECATED_OBJC_IMPLEMENTATIONS = YES;
				CLANG_WARN_DIRECT_OBJC_ISA_USAGE = YES_ERROR;
				CLANG_WARN_DOCUMENTATION_COMMENTS = YES;
				CLANG_WARN_EMPTY_BODY = YES;
				CLANG_WARN_ENUM_CONVERSION = YES;
				CLANG_WARN_INFINITE_RECURSION = YES;
				CLANG_WARN_INT_CONVERSION = YES;
				CLANG_WARN_NON_LITERAL_NULL_CONVERSION = YES;
				CLANG_WARN_OBJC_IMPLICIT_RETAIN_SELF = YES;
				CLANG_WARN_OBJC_LITERAL_CONVERSION = YES;
				CLANG_WARN_OBJC_ROOT_CLASS = YES_ERROR;
				CLANG_WARN_QUOTED_INCLUDE_IN_FRAMEWORK_HEADER = YES;
				CLANG_WARN_RANGE_LOOP_ANALYSIS = YES;
				CLANG_WARN_STRICT_PROTOTYPES = YES;
				CLANG_WARN_SUSPICIOUS_MOVE = YES;
				CLANG_WARN_UNGUARDED_AVAILABILITY = YES_AGGRESSIVE;
				CLANG_WARN_UNREACHABLE_CODE = YES;
				CLANG_WARN__DUPLICATE_METHOD_MATCH = YES;
				COPY_PHASE_STRIP = NO;
				DEBUG_INFORMATION_FORMAT = dwarf;
				ENABLE_STRICT_OBJC_MSGSEND = YES;
				ENABLE_TESTABILITY = YES;
				GCC_C_LANGUAGE_STANDARD = gnu11;
				GCC_DYNAMIC_NO_PIC = NO;
				GCC_NO_COMMON_BLOCKS = YES;
				GCC_OPTIMIZATION_LEVEL = 0;
				GCC_PREPROCESSOR_DEFINITIONS = (
					"DEBUG=1",
					"$(inherited)",
				);
				GCC_WARN_64_TO_32_BIT_CONVERSION = YES;
				GCC_WARN_ABOUT_RETURN_TYPE = YES_ERROR;
				GCC_WARN_UNDECLARED_SELECTOR = YES;
				GCC_WARN_UNINITIALIZED_AUTOS = YES_AGGRESSIVE;
				GCC_WARN_UNUSED_FUNCTION = YES;
				GCC_WARN_UNUSED_VARIABLE = YES;
				MTL_ENABLE_DEBUG_INFO = INCLUDE_SOURCE;
				MTL_FAST_MATH = YES;
				ONLY_ACTIVE_ARCH = YES;
				SWIFT_ACTIVE_COMPILATION_CONDITIONS = DEBUG;
				SWIFT_OPTIMIZATION_LEVEL = "-Onone";
			};
			name = Debug;
		};
		01880ED4270AC5C0000BB583 /* Release */ = {
			isa = XCBuildConfiguration;
			buildSettings = {
				ALWAYS_SEARCH_USER_PATHS = NO;
				CLANG_ANALYZER_NONNULL = YES;
				CLANG_ANALYZER_NUMBER_OBJECT_CONVERSION = YES_AGGRESSIVE;
				CLANG_CXX_LANGUAGE_STANDARD = "gnu++17";
				CLANG_CXX_LIBRARY = "libc++";
				CLANG_ENABLE_MODULES = YES;
				CLANG_ENABLE_OBJC_ARC = YES;
				CLANG_ENABLE_OBJC_WEAK = YES;
				CLANG_WARN_BLOCK_CAPTURE_AUTORELEASING = YES;
				CLANG_WARN_BOOL_CONVERSION = YES;
				CLANG_WARN_COMMA = YES;
				CLANG_WARN_CONSTANT_CONVERSION = YES;
				CLANG_WARN_DEPRECATED_OBJC_IMPLEMENTATIONS = YES;
				CLANG_WARN_DIRECT_OBJC_ISA_USAGE = YES_ERROR;
				CLANG_WARN_DOCUMENTATION_COMMENTS = YES;
				CLANG_WARN_EMPTY_BODY = YES;
				CLANG_WARN_ENUM_CONVERSION = YES;
				CLANG_WARN_INFINITE_RECURSION = YES;
				CLANG_WARN_INT_CONVERSION = YES;
				CLANG_WARN_NON_LITERAL_NULL_CONVERSION = YES;
				CLANG_WARN_OBJC_IMPLICIT_RETAIN_SELF = YES;
				CLANG_WARN_OBJC_LITERAL_CONVERSION = YES;
				CLANG_WARN_OBJC_ROOT_CLASS = YES_ERROR;
				CLANG_WARN_QUOTED_INCLUDE_IN_FRAMEWORK_HEADER = YES;
				CLANG_WARN_RANGE_LOOP_ANALYSIS = YES;
				CLANG_WARN_STRICT_PROTOTYPES = YES;
				CLANG_WARN_SUSPICIOUS_MOVE = YES;
				CLANG_WARN_UNGUARDED_AVAILABILITY = YES_AGGRESSIVE;
				CLANG_WARN_UNREACHABLE_CODE = YES;
				CLANG_WARN__DUPLICATE_METHOD_MATCH = YES;
				COPY_PHASE_STRIP = NO;
				DEBUG_INFORMATION_FORMAT = "dwarf-with-dsym";
				ENABLE_NS_ASSERTIONS = NO;
				ENABLE_STRICT_OBJC_MSGSEND = YES;
				GCC_C_LANGUAGE_STANDARD = gnu11;
				GCC_NO_COMMON_BLOCKS = YES;
				GCC_WARN_64_TO_32_BIT_CONVERSION = YES;
				GCC_WARN_ABOUT_RETURN_TYPE = YES_ERROR;
				GCC_WARN_UNDECLARED_SELECTOR = YES;
				GCC_WARN_UNINITIALIZED_AUTOS = YES_AGGRESSIVE;
				GCC_WARN_UNUSED_FUNCTION = YES;
				GCC_WARN_UNUSED_VARIABLE = YES;
				MTL_ENABLE_DEBUG_INFO = NO;
				MTL_FAST_MATH = YES;
				SWIFT_COMPILATION_MODE = wholemodule;
				SWIFT_OPTIMIZATION_LEVEL = "-O";
			};
			name = Release;
		};
		01880ED6270AC5C0000BB583 /* Debug */ = {
			isa = XCBuildConfiguration;
			buildSettings = {
				ASSETCATALOG_COMPILER_APPICON_NAME = AppIcon;
				ASSETCATALOG_COMPILER_GLOBAL_ACCENT_COLOR_NAME = AccentColor;
				CODE_SIGN_STYLE = Automatic;
				CURRENT_PROJECT_VERSION = 1;
				DEVELOPMENT_TEAM = NQ4FZ99E8N;
				ENABLE_PREVIEWS = YES;
				GENERATE_INFOPLIST_FILE = YES;
				INFOPLIST_KEY_UIApplicationSceneManifest_Generation = YES;
				INFOPLIST_KEY_UIApplicationSupportsIndirectInputEvents = YES;
				INFOPLIST_KEY_UILaunchScreen_Generation = YES;
				INFOPLIST_KEY_UISupportedInterfaceOrientations_iPad = "UIInterfaceOrientationPortrait UIInterfaceOrientationPortraitUpsideDown UIInterfaceOrientationLandscapeLeft UIInterfaceOrientationLandscapeRight";
				INFOPLIST_KEY_UISupportedInterfaceOrientations_iPhone = "UIInterfaceOrientationPortrait UIInterfaceOrientationLandscapeLeft UIInterfaceOrientationLandscapeRight";
				IPHONEOS_DEPLOYMENT_TARGET = 14.0;
				LD_RUNPATH_SEARCH_PATHS = (
					"$(inherited)",
					"@executable_path/Frameworks",
				);
				MARKETING_VERSION = 1.0;
				PRODUCT_BUNDLE_IDENTIFIER = sinzih.LearnSwiftUI;
				PRODUCT_NAME = LearnSwiftUI;
				SDKROOT = iphoneos;
				SWIFT_EMIT_LOC_STRINGS = YES;
				SWIFT_VERSION = 5.0;
				TARGETED_DEVICE_FAMILY = "1,2";
			};
			name = Debug;
		};
		01880ED7270AC5C0000BB583 /* Release */ = {
			isa = XCBuildConfiguration;
			buildSettings = {
				ASSETCATALOG_COMPILER_APPICON_NAME = AppIcon;
				ASSETCATALOG_COMPILER_GLOBAL_ACCENT_COLOR_NAME = AccentColor;
				CODE_SIGN_STYLE = Automatic;
				CURRENT_PROJECT_VERSION = 1;
				DEVELOPMENT_TEAM = NQ4FZ99E8N;
				ENABLE_PREVIEWS = YES;
				GENERATE_INFOPLIST_FILE = YES;
				INFOPLIST_KEY_UIApplicationSceneManifest_Generation = YES;
				INFOPLIST_KEY_UIApplicationSupportsIndirectInputEvents = YES;
				INFOPLIST_KEY_UILaunchScreen_Generation = YES;
				INFOPLIST_KEY_UISupportedInterfaceOrientations_iPad = "UIInterfaceOrientationPortrait UIInterfaceOrientationPortraitUpsideDown UIInterfaceOrientationLandscapeLeft UIInterfaceOrientationLandscapeRight";
				INFOPLIST_KEY_UISupportedInterfaceOrientations_iPhone = "UIInterfaceOrientationPortrait UIInterfaceOrientationLandscapeLeft UIInterfaceOrientationLandscapeRight";
				IPHONEOS_DEPLOYMENT_TARGET = 14.0;
				LD_RUNPATH_SEARCH_PATHS = (
					"$(inherited)",
					"@executable_path/Frameworks",
				);
				MARKETING_VERSION = 1.0;
				PRODUCT_BUNDLE_IDENTIFIER = sinzih.LearnSwiftUI;
				PRODUCT_NAME = LearnSwiftUI;
				SDKROOT = iphoneos;
				SWIFT_EMIT_LOC_STRINGS = YES;
				SWIFT_VERSION = 5.0;
				TARGETED_DEVICE_FAMILY = "1,2";
				VALIDATE_PRODUCT = YES;
			};
			name = Release;
		};
		01880ED9270AC5C0000BB583 /* Debug */ = {
			isa = XCBuildConfiguration;
			buildSettings = {
				ASSETCATALOG_COMPILER_APPICON_NAME = AppIcon;
				ASSETCATALOG_COMPILER_GLOBAL_ACCENT_COLOR_NAME = AccentColor;
				CODE_SIGN_ENTITLEMENTS = macOS/macOS.entitlements;
				CODE_SIGN_STYLE = Automatic;
				COMBINE_HIDPI_IMAGES = YES;
				CURRENT_PROJECT_VERSION = 1;
				ENABLE_PREVIEWS = YES;
				GENERATE_INFOPLIST_FILE = YES;
				INFOPLIST_KEY_NSHumanReadableCopyright = "";
				LD_RUNPATH_SEARCH_PATHS = (
					"$(inherited)",
					"@executable_path/../Frameworks",
				);
				MACOSX_DEPLOYMENT_TARGET = 11.0;
				MARKETING_VERSION = 1.0;
				PRODUCT_BUNDLE_IDENTIFIER = Steven.LearnSwiftUI;
				PRODUCT_NAME = LearnSwiftUI;
				SDKROOT = macosx;
				SWIFT_EMIT_LOC_STRINGS = YES;
				SWIFT_VERSION = 5.0;
			};
			name = Debug;
		};
		01880EDA270AC5C0000BB583 /* Release */ = {
			isa = XCBuildConfiguration;
			buildSettings = {
				ASSETCATALOG_COMPILER_APPICON_NAME = AppIcon;
				ASSETCATALOG_COMPILER_GLOBAL_ACCENT_COLOR_NAME = AccentColor;
				CODE_SIGN_ENTITLEMENTS = macOS/macOS.entitlements;
				CODE_SIGN_STYLE = Automatic;
				COMBINE_HIDPI_IMAGES = YES;
				CURRENT_PROJECT_VERSION = 1;
				ENABLE_PREVIEWS = YES;
				GENERATE_INFOPLIST_FILE = YES;
				INFOPLIST_KEY_NSHumanReadableCopyright = "";
				LD_RUNPATH_SEARCH_PATHS = (
					"$(inherited)",
					"@executable_path/../Frameworks",
				);
				MACOSX_DEPLOYMENT_TARGET = 11.0;
				MARKETING_VERSION = 1.0;
				PRODUCT_BUNDLE_IDENTIFIER = Steven.LearnSwiftUI;
				PRODUCT_NAME = LearnSwiftUI;
				SDKROOT = macosx;
				SWIFT_EMIT_LOC_STRINGS = YES;
				SWIFT_VERSION = 5.0;
			};
			name = Release;
		};
		01880EDC270AC5C0000BB583 /* Debug */ = {
			isa = XCBuildConfiguration;
			buildSettings = {
				ALWAYS_EMBED_SWIFT_STANDARD_LIBRARIES = YES;
				CODE_SIGN_STYLE = Automatic;
				CURRENT_PROJECT_VERSION = 1;
				GENERATE_INFOPLIST_FILE = YES;
				IPHONEOS_DEPLOYMENT_TARGET = 15.0;
				LD_RUNPATH_SEARCH_PATHS = (
					"$(inherited)",
					"@executable_path/Frameworks",
					"@loader_path/Frameworks",
				);
				MARKETING_VERSION = 1.0;
				PRODUCT_BUNDLE_IDENTIFIER = "Steven.Tests-iOS";
				PRODUCT_NAME = "$(TARGET_NAME)";
				SDKROOT = iphoneos;
				SWIFT_EMIT_LOC_STRINGS = NO;
				SWIFT_VERSION = 5.0;
				TARGETED_DEVICE_FAMILY = "1,2";
				TEST_TARGET_NAME = "LearnSwiftUI (iOS)";
			};
			name = Debug;
		};
		01880EDD270AC5C0000BB583 /* Release */ = {
			isa = XCBuildConfiguration;
			buildSettings = {
				ALWAYS_EMBED_SWIFT_STANDARD_LIBRARIES = YES;
				CODE_SIGN_STYLE = Automatic;
				CURRENT_PROJECT_VERSION = 1;
				GENERATE_INFOPLIST_FILE = YES;
				IPHONEOS_DEPLOYMENT_TARGET = 15.0;
				LD_RUNPATH_SEARCH_PATHS = (
					"$(inherited)",
					"@executable_path/Frameworks",
					"@loader_path/Frameworks",
				);
				MARKETING_VERSION = 1.0;
				PRODUCT_BUNDLE_IDENTIFIER = "Steven.Tests-iOS";
				PRODUCT_NAME = "$(TARGET_NAME)";
				SDKROOT = iphoneos;
				SWIFT_EMIT_LOC_STRINGS = NO;
				SWIFT_VERSION = 5.0;
				TARGETED_DEVICE_FAMILY = "1,2";
				TEST_TARGET_NAME = "LearnSwiftUI (iOS)";
				VALIDATE_PRODUCT = YES;
			};
			name = Release;
		};
		01880EDF270AC5C0000BB583 /* Debug */ = {
			isa = XCBuildConfiguration;
			buildSettings = {
				ALWAYS_EMBED_SWIFT_STANDARD_LIBRARIES = YES;
				CODE_SIGN_STYLE = Automatic;
				COMBINE_HIDPI_IMAGES = YES;
				CURRENT_PROJECT_VERSION = 1;
				GENERATE_INFOPLIST_FILE = YES;
				LD_RUNPATH_SEARCH_PATHS = (
					"$(inherited)",
					"@executable_path/../Frameworks",
					"@loader_path/../Frameworks",
				);
				MACOSX_DEPLOYMENT_TARGET = 11.3;
				MARKETING_VERSION = 1.0;
				PRODUCT_BUNDLE_IDENTIFIER = "Steven.Tests-macOS";
				PRODUCT_NAME = "$(TARGET_NAME)";
				SDKROOT = macosx;
				SWIFT_EMIT_LOC_STRINGS = NO;
				SWIFT_VERSION = 5.0;
				TEST_TARGET_NAME = "LearnSwiftUI (macOS)";
			};
			name = Debug;
		};
		01880EE0270AC5C0000BB583 /* Release */ = {
			isa = XCBuildConfiguration;
			buildSettings = {
				ALWAYS_EMBED_SWIFT_STANDARD_LIBRARIES = YES;
				CODE_SIGN_STYLE = Automatic;
				COMBINE_HIDPI_IMAGES = YES;
				CURRENT_PROJECT_VERSION = 1;
				GENERATE_INFOPLIST_FILE = YES;
				LD_RUNPATH_SEARCH_PATHS = (
					"$(inherited)",
					"@executable_path/../Frameworks",
					"@loader_path/../Frameworks",
				);
				MACOSX_DEPLOYMENT_TARGET = 11.3;
				MARKETING_VERSION = 1.0;
				PRODUCT_BUNDLE_IDENTIFIER = "Steven.Tests-macOS";
				PRODUCT_NAME = "$(TARGET_NAME)";
				SDKROOT = macosx;
				SWIFT_EMIT_LOC_STRINGS = NO;
				SWIFT_VERSION = 5.0;
				TEST_TARGET_NAME = "LearnSwiftUI (macOS)";
			};
			name = Release;
		};
/* End XCBuildConfiguration section */

/* Begin XCConfigurationList section */
		01880EA3270AC5BE000BB583 /* Build configuration list for PBXProject "LearnSwiftUI" */ = {
			isa = XCConfigurationList;
			buildConfigurations = (
				01880ED3270AC5C0000BB583 /* Debug */,
				01880ED4270AC5C0000BB583 /* Release */,
			);
			defaultConfigurationIsVisible = 0;
			defaultConfigurationName = Release;
		};
		01880ED5270AC5C0000BB583 /* Build configuration list for PBXNativeTarget "LearnSwiftUI (iOS)" */ = {
			isa = XCConfigurationList;
			buildConfigurations = (
				01880ED6270AC5C0000BB583 /* Debug */,
				01880ED7270AC5C0000BB583 /* Release */,
			);
			defaultConfigurationIsVisible = 0;
			defaultConfigurationName = Release;
		};
		01880ED8270AC5C0000BB583 /* Build configuration list for PBXNativeTarget "LearnSwiftUI (macOS)" */ = {
			isa = XCConfigurationList;
			buildConfigurations = (
				01880ED9270AC5C0000BB583 /* Debug */,
				01880EDA270AC5C0000BB583 /* Release */,
			);
			defaultConfigurationIsVisible = 0;
			defaultConfigurationName = Release;
		};
		01880EDB270AC5C0000BB583 /* Build configuration list for PBXNativeTarget "Tests iOS" */ = {
			isa = XCConfigurationList;
			buildConfigurations = (
				01880EDC270AC5C0000BB583 /* Debug */,
				01880EDD270AC5C0000BB583 /* Release */,
			);
			defaultConfigurationIsVisible = 0;
			defaultConfigurationName = Release;
		};
		01880EDE270AC5C0000BB583 /* Build configuration list for PBXNativeTarget "Tests macOS" */ = {
			isa = XCConfigurationList;
			buildConfigurations = (
				01880EDF270AC5C0000BB583 /* Debug */,
				01880EE0270AC5C0000BB583 /* Release */,
			);
			defaultConfigurationIsVisible = 0;
			defaultConfigurationName = Release;
		};
/* End XCConfigurationList section */
	};
	rootObject = 01880EA0270AC5BE000BB583 /* Project object */;
}
